
Microsoft Visual Studio Solution File, Format Version 12.00
# Visual Studio Version 17
VisualStudioVersion = 17.2.32526.322
MinimumVisualStudioVersion = 10.0.40219.1
Project("{FAE04EC0-301F-11D3-BF4B-00C04F79EFBC}") = "WSL2Onenne", "WSL2Onenne.csproj", "{2559CBC7-A4BD-4DB2-B2EF-E92096405A92}"
EndProject
Global
	GlobalSection(SolutionConfigurationPlatforms) = preSolution
		Debug|Any CPU = Debug|Any CPU
		Release|Any CPU = Release|Any CPU
	EndGlobalSection
	GlobalSection(ProjectConfigurationPlatforms) = postSolution
		{2559CBC7-A4BD-4DB2-B2EF-E92096405A92}.Debug|Any CPU.ActiveCfg = Debug|Any CPU
		{2559CBC7-A4BD-4DB2-B2EF-E92096405A92}.Debug|Any CPU.Build.0 = Debug|Any CPU
		{2559CBC7-A4BD-4DB2-B2EF-E92096405A92}.Release|Any CPU.ActiveCfg = Release|Any CPU
		{2559CBC7-A4BD-4DB2-B2EF-E92096405A92}.Release|Any CPU.Build.0 = Release|Any CPU
	EndGlobalSection
	GlobalSection(SolutionProperties) = preSolution
		HideSolutionNode = FALSE
	EndGlobalSection
	GlobalSection(ExtensibilityGlobals) = postSolution
		SolutionGuid = {A09C80DD-3FA3-4F65-BF14-9BFEA675FD4B}
	EndGlobalSection
EndGlobal
